
Microsoft Visual Studio Solution File, Format Version 12.00
# Visual Studio 15
VisualStudioVersion = 15.0.28010.2050
MinimumVisualStudioVersion = 10.0.40219.1
Project("{FAE04EC0-301F-11D3-BF4B-00C04F79EFBC}") = "GettingStartedAspNetIdentity", "GettingStartedAspNetIdentity\GettingStartedAspNetIdentity.csproj", "{F6FDC301-3F23-4AD6-BEF0-E7CC7EC83661}"
EndProject
Global
	GlobalSection(SolutionConfigurationPlatforms) = preSolution
		Debug|Any CPU = Debug|Any CPU
		Release|Any CPU = Release|Any CPU
	EndGlobalSection
	GlobalSection(ProjectConfigurationPlatforms) = postSolution
		{F6FDC301-3F23-4AD6-BEF0-E7CC7EC83661}.Debug|Any CPU.ActiveCfg = Debug|Any CPU
		{F6FDC301-3F23-4AD6-BEF0-E7CC7EC83661}.Debug|Any CPU.Build.0 = Debug|Any CPU
		{F6FDC301-3F23-4AD6-BEF0-E7CC7EC83661}.Release|Any CPU.ActiveCfg = Release|Any CPU
		{F6FDC301-3F23-4AD6-BEF0-E7CC7EC83661}.Release|Any CPU.Build.0 = Release|Any CPU
	EndGlobalSection
	GlobalSection(SolutionProperties) = preSolution
		HideSolutionNode = FALSE
	EndGlobalSection
	GlobalSection(ExtensibilityGlobals) = postSolution
		SolutionGuid = {A207BA0E-C026-4E7F-944D-6DCFBF4AE7D4}
	EndGlobalSection
EndGlobal
